Microsoft Visual Studio Solution File, Format Version 12.00
# Visual Studio Version 17
VisualStudioVersion = 17.13.35931.197
MinimumVisualStudioVersion = 10.0.40219.1
Project("{FAE04EC0-301F-11D3-BF4B-00C04F79EFBC}") = "ChatBot_POE", "ChatBot_POE\ChatBot_POE.csproj", "{A7F156C7-2A68-4493-8084-972CCA861EF6}"
EndProject
Global
	GlobalSection(SolutionConfigurationPlatforms) = preSolution
		Debug|Any CPU = Debug|Any CPU
		Release|Any CPU = Release|Any CPU
	EndGlobalSection
	GlobalSection(ProjectConfigurationPlatforms) = postSolution
		{A7F156C7-2A68-4493-8084-972CCA861EF6}.Debug|Any CPU.ActiveCfg = Debug|Any CPU
		{A7F156C7-2A68-4493-8084-972CCA861EF6}.Debug|Any CPU.Build.0 = Debug|Any CPU
		{A7F156C7-2A68-4493-8084-972CCA861EF6}.Release|Any CPU.ActiveCfg = Release|Any CPU
		{A7F156C7-2A68-4493-8084-972CCA861EF6}.Release|Any CPU.Build.0 = Release|Any CPU
	EndGlobalSection
	GlobalSection(SolutionProperties) = preSolution
		HideSolutionNode = FALSE
	EndGlobalSection
	GlobalSection(ExtensibilityGlobals) = postSolution
		SolutionGuid = {0CFC68B2-D5D5-4644-849A-696702DEE2FE}
	EndGlobalSection
EndGlobal
